
Microsoft Visual Studio Solution File, Format Version 12.00
# Visual Studio 15
Project("{FAE04EC0-301F-11D3-BF4B-00C04F79EFBC}") = "Assembly-CSharp", "Assembly-CSharp.csproj", "{BAA43E68-28BC-CC0D-16EB-890DB46E0628}"
EndProject
Project("{FAE04EC0-301F-11D3-BF4B-00C04F79EFBC}") = "Assembly-CSharp-Editor", "Assembly-CSharp-Editor.csproj", "{8E5239AD-BC29-A295-61DC-7C7E1C43E2C6}"
EndProject
Global
	GlobalSection(SolutionConfigurationPlatforms) = preSolution
		Debug|Any CPU = Debug|Any CPU
		Release|Any CPU = Release|Any CPU
	EndGlobalSection
	GlobalSection(ProjectConfigurationPlatforms) = postSolution
		{BAA43E68-28BC-CC0D-16EB-890DB46E0628}.Debug|Any CPU.ActiveCfg = Debug|Any CPU
		{BAA43E68-28BC-CC0D-16EB-890DB46E0628}.Debug|Any CPU.Build.0 = Debug|Any CPU
		{BAA43E68-28BC-CC0D-16EB-890DB46E0628}.Release|Any CPU.ActiveCfg = Release|Any CPU
		{BAA43E68-28BC-CC0D-16EB-890DB46E0628}.Release|Any CPU.Build.0 = Release|Any CPU
		{8E5239AD-BC29-A295-61DC-7C7E1C43E2C6}.Debug|Any CPU.ActiveCfg = Debug|Any CPU
		{8E5239AD-BC29-A295-61DC-7C7E1C43E2C6}.Debug|Any CPU.Build.0 = Debug|Any CPU
		{8E5239AD-BC29-A295-61DC-7C7E1C43E2C6}.Release|Any CPU.ActiveCfg = Release|Any CPU
		{8E5239AD-BC29-A295-61DC-7C7E1C43E2C6}.Release|Any CPU.Build.0 = Release|Any CPU
	EndGlobalSection
	GlobalSection(SolutionProperties) = preSolution
		HideSolutionNode = FALSE
	EndGlobalSection
EndGlobal
